
Microsoft Visual Studio Solution File, Format Version 12.00
# Visual Studio Version 16
VisualStudioVersion = 16.0.31515.178
MinimumVisualStudioVersion = 10.0.40219.1
Project("{FAE04EC0-301F-11D3-BF4B-00C04F79EFBC}") = "HttpConnection", "HttpConnection\HttpConnection.csproj", "{C4BC217B-42C8-4B5F-9B7C-CB778E4D0D1F}"
EndProject
Project("{FAE04EC0-301F-11D3-BF4B-00C04F79EFBC}") = "SocketConnectionServer", "SocketConnectionServer\SocketConnectionServer.csproj", "{FBDCE511-72E6-4633-A8C3-3B89174ED942}"
EndProject
Global
	GlobalSection(SolutionConfigurationPlatforms) = preSolution
		Debug|Any CPU = Debug|Any CPU
		Release|Any CPU = Release|Any CPU
	EndGlobalSection
	GlobalSection(ProjectConfigurationPlatforms) = postSolution
		{C4BC217B-42C8-4B5F-9B7C-CB778E4D0D1F}.Debug|Any CPU.ActiveCfg = Debug|Any CPU
		{C4BC217B-42C8-4B5F-9B7C-CB778E4D0D1F}.Debug|Any CPU.Build.0 = Debug|Any CPU
		{C4BC217B-42C8-4B5F-9B7C-CB778E4D0D1F}.Release|Any CPU.ActiveCfg = Release|Any CPU
		{C4BC217B-42C8-4B5F-9B7C-CB778E4D0D1F}.Release|Any CPU.Build.0 = Release|Any CPU
		{FBDCE511-72E6-4633-A8C3-3B89174ED942}.Debug|Any CPU.ActiveCfg = Debug|Any CPU
		{FBDCE511-72E6-4633-A8C3-3B89174ED942}.Debug|Any CPU.Build.0 = Debug|Any CPU
		{FBDCE511-72E6-4633-A8C3-3B89174ED942}.Release|Any CPU.ActiveCfg = Release|Any CPU
		{FBDCE511-72E6-4633-A8C3-3B89174ED942}.Release|Any CPU.Build.0 = Release|Any CPU
	EndGlobalSection
	GlobalSection(SolutionProperties) = preSolution
		HideSolutionNode = FALSE
	EndGlobalSection
	GlobalSection(ExtensibilityGlobals) = postSolution
		SolutionGuid = {461492A9-069D-4C27-8FDF-814E3AC3AB8E}
	EndGlobalSection
EndGlobal
